
Microsoft Visual Studio Solution File, Format Version 12.00
# Visual Studio Version 16
VisualStudioVersion = 16.0.29709.97
MinimumVisualStudioVersion = 10.0.40219.1
Project("{9A19103F-16F7-4668-BE54-9A1E7A4F7556}") = "Messaging", "Messaging.csproj", "{07CC433A-6AAD-4D62-82FE-DCE863382708}"
EndProject
Project("{9A19103F-16F7-4668-BE54-9A1E7A4F7556}") = "UDMRequestClass", "..\UDMRequestClass\UDMRequestClass.csproj", "{A8A0DC46-121B-45D7-8BED-3C5289723A89}"
EndProject
Global
	GlobalSection(SolutionConfigurationPlatforms) = preSolution
		Debug|Any CPU = Debug|Any CPU
		Release|Any CPU = Release|Any CPU
	EndGlobalSection
	GlobalSection(ProjectConfigurationPlatforms) = postSolution
		{07CC433A-6AAD-4D62-82FE-DCE863382708}.Debug|Any CPU.ActiveCfg = Debug|Any CPU
		{07CC433A-6AAD-4D62-82FE-DCE863382708}.Debug|Any CPU.Build.0 = Debug|Any CPU
		{07CC433A-6AAD-4D62-82FE-DCE863382708}.Release|Any CPU.ActiveCfg = Release|Any CPU
		{07CC433A-6AAD-4D62-82FE-DCE863382708}.Release|Any CPU.Build.0 = Release|Any CPU
		{A8A0DC46-121B-45D7-8BED-3C5289723A89}.Debug|Any CPU.ActiveCfg = Debug|Any CPU
		{A8A0DC46-121B-45D7-8BED-3C5289723A89}.Debug|Any CPU.Build.0 = Debug|Any CPU
		{A8A0DC46-121B-45D7-8BED-3C5289723A89}.Release|Any CPU.ActiveCfg = Release|Any CPU
		{A8A0DC46-121B-45D7-8BED-3C5289723A89}.Release|Any CPU.Build.0 = Release|Any CPU
	EndGlobalSection
	GlobalSection(SolutionProperties) = preSolution
		HideSolutionNode = FALSE
	EndGlobalSection
	GlobalSection(ExtensibilityGlobals) = postSolution
		SolutionGuid = {53799845-93B1-4F2A-878F-79C348CD9C54}
	EndGlobalSection
EndGlobal
